
Microsoft Visual Studio Solution File, Format Version 12.00
# Visual Studio 15
VisualStudioVersion = 15.0.26730.10
MinimumVisualStudioVersion = 10.0.40219.1
Project("{FAE04EC0-301F-11D3-BF4B-00C04F79EFBC}") = "JenkinsSampleClassLibrary", "JenkinsSampleClassLibrary\JenkinsSampleClassLibrary.csproj", "{1E883197-2C68-4B6E-B21D-59D25E739365}"
EndProject
Project("{FAE04EC0-301F-11D3-BF4B-00C04F79EFBC}") = "JenkinsSampleClassLibraryTests", "JenkinsSampleClassLibraryTests\JenkinsSampleClassLibraryTests.csproj", "{B9D4CE86-3594-4049-9A83-0DE45884FCF2}"
EndProject
Global
	GlobalSection(SolutionConfigurationPlatforms) = preSolution
		Debug|Any CPU = Debug|Any CPU
		Release|Any CPU = Release|Any CPU
	EndGlobalSection
	GlobalSection(ProjectConfigurationPlatforms) = postSolution
		{1E883197-2C68-4B6E-B21D-59D25E739365}.Debug|Any CPU.ActiveCfg = Debug|Any CPU
		{1E883197-2C68-4B6E-B21D-59D25E739365}.Debug|Any CPU.Build.0 = Debug|Any CPU
		{1E883197-2C68-4B6E-B21D-59D25E739365}.Release|Any CPU.ActiveCfg = Release|Any CPU
		{1E883197-2C68-4B6E-B21D-59D25E739365}.Release|Any CPU.Build.0 = Release|Any CPU
		{B9D4CE86-3594-4049-9A83-0DE45884FCF2}.Debug|Any CPU.ActiveCfg = Debug|Any CPU
		{B9D4CE86-3594-4049-9A83-0DE45884FCF2}.Debug|Any CPU.Build.0 = Debug|Any CPU
		{B9D4CE86-3594-4049-9A83-0DE45884FCF2}.Release|Any CPU.ActiveCfg = Release|Any CPU
		{B9D4CE86-3594-4049-9A83-0DE45884FCF2}.Release|Any CPU.Build.0 = Release|Any CPU
	EndGlobalSection
	GlobalSection(SolutionProperties) = preSolution
		HideSolutionNode = FALSE
	EndGlobalSection
	GlobalSection(ExtensibilityGlobals) = postSolution
		SolutionGuid = {9EA86E6B-FBDD-4617-9DFF-48A71965A363}
	EndGlobalSection
EndGlobal
